// !$*UTF8*$!
{
	archiveVersion = 1;
	classes = {
	};
	objectVersion = 56;
	objects = {

/* Begin PBXBuildFile section */
		C21DD03229BBD3740051CA65 /* Planets.swift in Sources */ = {isa = PBXBuildFile; fileRef = C21DD03029BBD3730051CA65 /* Planets.swift */; };
		C21DD03329BBD3740051CA65 /* Questions.swift in Sources */ = {isa = PBXBuildFile; fileRef = C21DD03129BBD3740051CA65 /* Questions.swift */; };
		C29E6EC029BC66A70070C5E4 /* FinalResultViewController.swift in Sources */ = {isa = PBXBuildFile; fileRef = C29E6EBF29BC66A70070C5E4 /* FinalResultViewController.swift */; };
		CE4A714129BA69CB0036C274 /* Main.storyboard in Resources */ = {isa = PBXBuildFile; fileRef = CE4A713F29BA69CB0036C274 /* Main.storyboard */; };
		CEA7831929BB15500076CF85 /* Extension.swift in Sources */ = {isa = PBXBuildFile; fileRef = CEA7831829BB15500076CF85 /* Extension.swift */; };
		CECD91C029BA032400B181EF /* AppDelegate.swift in Sources */ = {isa = PBXBuildFile; fileRef = CECD91BF29BA032400B181EF /* AppDelegate.swift */; };
		CECD91C229BA032400B181EF /* SceneDelegate.swift in Sources */ = {isa = PBXBuildFile; fileRef = CECD91C129BA032400B181EF /* SceneDelegate.swift */; };
		CECD91C429BA032400B181EF /* StartViewController.swift in Sources */ = {isa = PBXBuildFile; fileRef = CECD91C329BA032400B181EF /* StartViewController.swift */; };
		CECD91C929BA032500B181EF /* Assets.xcassets in Resources */ = {isa = PBXBuildFile; fileRef = CECD91C829BA032500B181EF /* Assets.xcassets */; };
		CECD91D429BA0A7A00B181EF /* TabBarViewController.swift in Sources */ = {isa = PBXBuildFile; fileRef = CECD91D329BA0A7A00B181EF /* TabBarViewController.swift */; };
		CECD91D629BA0AA500B181EF /* PlanetsTableViewController.swift in Sources */ = {isa = PBXBuildFile; fileRef = CECD91D529BA0AA500B181EF /* PlanetsTableViewController.swift */; };
		CECD91D829BA0B0200B181EF /* AboutPlanetViewController.swift in Sources */ = {isa = PBXBuildFile; fileRef = CECD91D729BA0B0200B181EF /* AboutPlanetViewController.swift */; };
		CECD91DA29BA0B2200B181EF /* KvizViewController.swift in Sources */ = {isa = PBXBuildFile; fileRef = CECD91D929BA0B2200B181EF /* KvizViewController.swift */; };
		CECD91DC29BA0B2D00B181EF /* DevViewController.swift in Sources */ = {isa = PBXBuildFile; fileRef = CECD91DB29BA0B2D00B181EF /* DevViewController.swift */; };
/* End PBXBuildFile section */

/* Begin PBXFileReference section */
		C21DD03029BBD3730051CA65 /* Planets.swift */ = {isa = PBXFileReference; fileEncoding = 4; lastKnownFileType = sourcecode.swift; path = Planets.swift; sourceTree = "<group>"; };
		C21DD03129BBD3740051CA65 /* Questions.swift */ = {isa = PBXFileReference; fileEncoding = 4; lastKnownFileType = sourcecode.swift; path = Questions.swift; sourceTree = "<group>"; };
		C29E6EBF29BC66A70070C5E4 /* FinalResultViewController.swift */ = {isa = PBXFileReference; lastKnownFileType = sourcecode.swift; path = FinalResultViewController.swift; sourceTree = "<group>"; };
		CE4A713F29BA69CB0036C274 /* Main.storyboard */ = {isa = PBXFileReference; fileEncoding = 4; lastKnownFileType = file.storyboard; path = Main.storyboard; sourceTree = "<group>"; };
		CEA7831829BB15500076CF85 /* Extension.swift */ = {isa = PBXFileReference; lastKnownFileType = sourcecode.swift; path = Extension.swift; sourceTree = "<group>"; };
		CECD91BC29BA032400B181EF /* PlanetsV2.app */ = {isa = PBXFileReference; explicitFileType = wrapper.application; includeInIndex = 0; path = PlanetsV2.app; sourceTree = BUILT_PRODUCTS_DIR; };
		CECD91BF29BA032400B181EF /* AppDelegate.swift */ = {isa = PBXFileReference; lastKnownFileType = sourcecode.swift; path = AppDelegate.swift; sourceTree = "<group>"; };
		CECD91C129BA032400B181EF /* SceneDelegate.swift */ = {isa = PBXFileReference; lastKnownFileType = sourcecode.swift; path = SceneDelegate.swift; sourceTree = "<group>"; };
		CECD91C329BA032400B181EF /* StartViewController.swift */ = {isa = PBXFileReference; lastKnownFileType = sourcecode.swift; path = StartViewController.swift; sourceTree = "<group>"; };
		CECD91C829BA032500B181EF /* Assets.xcassets */ = {isa = PBXFileReference; lastKnownFileType = folder.assetcatalog; path = Assets.xcassets; sourceTree = "<group>"; };
		CECD91CD29BA032500B181EF /* Info.plist */ = {isa = PBXFileReference; lastKnownFileType = text.plist.xml; path = Info.plist; sourceTree = "<group>"; };
		CECD91D329BA0A7A00B181EF /* TabBarViewController.swift */ = {isa = PBXFileReference; lastKnownFileType = sourcecode.swift; path = TabBarViewController.swift; sourceTree = "<group>"; };
		CECD91D529BA0AA500B181EF /* PlanetsTableViewController.swift */ = {isa = PBXFileReference; lastKnownFileType = sourcecode.swift; path = PlanetsTableViewController.swift; sourceTree = "<group>"; };
		CECD91D729BA0B0200B181EF /* AboutPlanetViewController.swift */ = {isa = PBXFileReference; lastKnownFileType = sourcecode.swift; path = AboutPlanetViewController.swift; sourceTree = "<group>"; };
		CECD91D929BA0B2200B181EF /* KvizViewController.swift */ = {isa = PBXFileReference; lastKnownFileType = sourcecode.swift; path = KvizViewController.swift; sourceTree = "<group>"; };
		CECD91DB29BA0B2D00B181EF /* DevViewController.swift */ = {isa = PBXFileReference; lastKnownFileType = sourcecode.swift; path = DevViewController.swift; sourceTree = "<group>"; };
/* End PBXFileReference section */

/* Begin PBXFrameworksBuildPhase section */
		CECD91B929BA032400B181EF /* Frameworks */ = {
			isa = PBXFrameworksBuildPhase;
			buildActionMask = 2147483647;
			files = (
			);
			runOnlyForDeploymentPostprocessing = 0;
		};
/* End PBXFrameworksBuildPhase section */

/* Begin PBXGroup section */
		CEA5E5E129BA607B00B9648C /* StoryBoards */ = {
			isa = PBXGroup;
			children = (
				CE4A713F29BA69CB0036C274 /* Main.storyboard */,
			);
			path = StoryBoards;
			sourceTree = "<group>";
		};
		CEA5E5E229BA609300B9648C /* Planets */ = {
			isa = PBXGroup;
			children = (
				C21DD03029BBD3730051CA65 /* Planets.swift */,
				C21DD03129BBD3740051CA65 /* Questions.swift */,
			);
			path = Planets;
			sourceTree = "<group>";
		};
		CEA5E5E329BA60A600B9648C /* App */ = {
			isa = PBXGroup;
			children = (
				CECD91BF29BA032400B181EF /* AppDelegate.swift */,
				CECD91C129BA032400B181EF /* SceneDelegate.swift */,
				CECD91CD29BA032500B181EF /* Info.plist */,
			);
			path = App;
			sourceTree = "<group>";
		};
		CEA5E5E429BA60BF00B9648C /* ViewControllers */ = {
			isa = PBXGroup;
			children = (
				CECD91C329BA032400B181EF /* StartViewController.swift */,
				CECD91D329BA0A7A00B181EF /* TabBarViewController.swift */,
				CECD91D529BA0AA500B181EF /* PlanetsTableViewController.swift */,
				CECD91D729BA0B0200B181EF /* AboutPlanetViewController.swift */,
				CECD91D929BA0B2200B181EF /* KvizViewController.swift */,
				C29E6EBF29BC66A70070C5E4 /* FinalResultViewController.swift */,
				CECD91DB29BA0B2D00B181EF /* DevViewController.swift */,
				CEA7831829BB15500076CF85 /* Extension.swift */,
			);
			path = ViewControllers;
			sourceTree = "<group>";
		};
		CECD91B329BA032400B181EF = {
			isa = PBXGroup;
			children = (
				CECD91BE29BA032400B181EF /* PlanetsV2 */,
				CECD91BD29BA032400B181EF /* Products */,
			);
			sourceTree = "<group>";
		};
		CECD91BD29BA032400B181EF /* Products */ = {
			isa = PBXGroup;
			children = (
				CECD91BC29BA032400B181EF /* PlanetsV2.app */,
			);
			name = Products;
			sourceTree = "<group>";
		};
		CECD91BE29BA032400B181EF /* PlanetsV2 */ = {
			isa = PBXGroup;
			children = (
				CEA5E5E329BA60A600B9648C /* App */,
				CEA5E5E429BA60BF00B9648C /* ViewControllers */,
				CEA5E5E129BA607B00B9648C /* StoryBoards */,
				CEA5E5E229BA609300B9648C /* Planets */,
				CECD91C829BA032500B181EF /* Assets.xcassets */,
			);
			path = PlanetsV2;
			sourceTree = "<group>";
		};
/* End PBXGroup section */

/* Begin PBXNativeTarget section */
		CECD91BB29BA032400B181EF /* PlanetsV2 */ = {
			isa = PBXNativeTarget;
			buildConfigurationList = CECD91D029BA032500B181EF /* Build configuration list for PBXNativeTarget "PlanetsV2" */;
			buildPhases = (
				CECD91B829BA032400B181EF /* Sources */,
				CECD91B929BA032400B181EF /* Frameworks */,
				CECD91BA29BA032400B181EF /* Resources */,
			);
			buildRules = (
			);
			dependencies = (
			);
			name = PlanetsV2;
			productName = PlanetsV2;
			productReference = CECD91BC29BA032400B181EF /* PlanetsV2.app */;
			productType = "com.apple.product-type.application";
		};
/* End PBXNativeTarget section */

/* Begin PBXProject section */
		CECD91B429BA032400B181EF /* Project object */ = {
			isa = PBXProject;
			attributes = {
				BuildIndependentTargetsInParallel = 1;
				LastSwiftUpdateCheck = 1420;
				LastUpgradeCheck = 1420;
				TargetAttributes = {
					CECD91BB29BA032400B181EF = {
						CreatedOnToolsVersion = 14.2;
					};
				};
			};
			buildConfigurationList = CECD91B729BA032400B181EF /* Build configuration list for PBXProject "PlanetsV2" */;
			compatibilityVersion = "Xcode 14.0";
			developmentRegion = en;
			hasScannedForEncodings = 0;
			knownRegions = (
				en,
				Base,
			);
			mainGroup = CECD91B329BA032400B181EF;
			productRefGroup = CECD91BD29BA032400B181EF /* Products */;
			projectDirPath = "";
			projectRoot = "";
			targets = (
				CECD91BB29BA032400B181EF /* PlanetsV2 */,
			);
		};
/* End PBXProject section */

/* Begin PBXResourcesBuildPhase section */
		CECD91BA29BA032400B181EF /* Resources */ = {
			isa = PBXResourcesBuildPhase;
			buildActionMask = 2147483647;
			files = (
				CE4A714129BA69CB0036C274 /* Main.storyboard in Resources */,
				CECD91C929BA032500B181EF /* Assets.xcassets in Resources */,
			);
			runOnlyForDeploymentPostprocessing = 0;
		};
/* End PBXResourcesBuildPhase section */

/* Begin PBXSourcesBuildPhase section */
		CECD91B829BA032400B181EF /* Sources */ = {
			isa = PBXSourcesBuildPhase;
			buildActionMask = 2147483647;
			files = (
				C21DD03229BBD3740051CA65 /* Planets.swift in Sources */,
				CECD91DC29BA0B2D00B181EF /* DevViewController.swift in Sources */,
				CEA7831929BB15500076CF85 /* Extension.swift in Sources */,
				CECD91D429BA0A7A00B181EF /* TabBarViewController.swift in Sources */,
				CECD91C429BA032400B181EF /* StartViewController.swift in Sources */,
				CECD91C029BA032400B181EF /* AppDelegate.swift in Sources */,
				C29E6EC029BC66A70070C5E4 /* FinalResultViewController.swift in Sources */,
				CECD91C229BA032400B181EF /* SceneDelegate.swift in Sources */,
				CECD91DA29BA0B2200B181EF /* KvizViewController.swift in Sources */,
				C21DD03329BBD3740051CA65 /* Questions.swift in Sources */,
				CECD91D829BA0B0200B181EF /* AboutPlanetViewController.swift in Sources */,
				CECD91D629BA0AA500B181EF /* PlanetsTableViewController.swift in Sources */,
			);
			runOnlyForDeploymentPostprocessing = 0;
		};
/* End PBXSourcesBuildPhase section */

/* Begin XCBuildConfiguration section */
		CECD91CE29BA032500B181EF /* Debug */ = {
			isa = XCBuildConfiguration;
			buildSettings = {
				ALWAYS_SEARCH_USER_PATHS = NO;
				CLANG_ANALYZER_NONNULL = YES;
				CLANG_ANALYZER_NUMBER_OBJECT_CONVERSION = YES_AGGRESSIVE;
				CLANG_CXX_LANGUAGE_STANDARD = "gnu++20";
				CLANG_ENABLE_MODULES = YES;
				CLANG_ENABLE_OBJC_ARC = YES;
				CLANG_ENABLE_OBJC_WEAK = YES;
				CLANG_WARN_BLOCK_CAPTURE_AUTORELEASING = YES;
				CLANG_WARN_BOOL_CONVERSION = YES;
				CLANG_WARN_COMMA = YES;
				CLANG_WARN_CONSTANT_CONVERSION = YES;
				CLANG_WARN_DEPRECATED_OBJC_IMPLEMENTATIONS = YES;
				CLANG_WARN_DIRECT_OBJC_ISA_USAGE = YES_ERROR;
				CLANG_WARN_DOCUMENTATION_COMMENTS = YES;
				CLANG_WARN_EMPTY_BODY = YES;
				CLANG_WARN_ENUM_CONVERSION = YES;
				CLANG_WARN_INFINITE_RECURSION = YES;
				CLANG_WARN_INT_CONVERSION = YES;
				CLANG_WARN_NON_LITERAL_NULL_CONVERSION = YES;
				CLANG_WARN_OBJC_IMPLICIT_RETAIN_SELF = YES;
				CLANG_WARN_OBJC_LITERAL_CONVERSION = YES;
				CLANG_WARN_OBJC_ROOT_CLASS = YES_ERROR;
				CLANG_WARN_QUOTED_INCLUDE_IN_FRAMEWORK_HEADER = YES;
				CLANG_WARN_RANGE_LOOP_ANALYSIS = YES;
				CLANG_WARN_STRICT_PROTOTYPES = YES;
				CLANG_WARN_SUSPICIOUS_MOVE = YES;
				CLANG_WARN_UNGUARDED_AVAILABILITY = YES_AGGRESSIVE;
				CLANG_WARN_UNREACHABLE_CODE = YES;
				CLANG_WARN__DUPLICATE_METHOD_MATCH = YES;
				COPY_PHASE_STRIP = NO;
				DEBUG_INFORMATION_FORMAT = dwarf;
				ENABLE_STRICT_OBJC_MSGSEND = YES;
				ENABLE_TESTABILITY = YES;
				GCC_C_LANGUAGE_STANDARD = gnu11;
				GCC_DYNAMIC_NO_PIC = NO;
				GCC_NO_COMMON_BLOCKS = YES;
				GCC_OPTIMIZATION_LEVEL = 0;
				GCC_PREPROCESSOR_DEFINITIONS = (
					"DEBUG=1",
					"$(inherited)",
				);
				GCC_WARN_64_TO_32_BIT_CONVERSION = YES;
				GCC_WARN_ABOUT_RETURN_TYPE = YES_ERROR;
				GCC_WARN_UNDECLARED_SELECTOR = YES;
				GCC_WARN_UNINITIALIZED_AUTOS = YES_AGGRESSIVE;
				GCC_WARN_UNUSED_FUNCTION = YES;
				GCC_WARN_UNUSED_VARIABLE = YES;
				IPHONEOS_DEPLOYMENT_TARGET = 16.2;
				MTL_ENABLE_DEBUG_INFO = INCLUDE_SOURCE;
				MTL_FAST_MATH = YES;
				ONLY_ACTIVE_ARCH = YES;
				SDKROOT = iphoneos;
				SWIFT_ACTIVE_COMPILATION_CONDITIONS = DEBUG;
				SWIFT_OPTIMIZATION_LEVEL = "-Onone";
			};
			name = Debug;
		};
		CECD91CF29BA032500B181EF /* Release */ = {
			isa = XCBuildConfiguration;
			buildSettings = {
				ALWAYS_SEARCH_USER_PATHS = NO;
				CLANG_ANALYZER_NONNULL = YES;
				CLANG_ANALYZER_NUMBER_OBJECT_CONVERSION = YES_AGGRESSIVE;
				CLANG_CXX_LANGUAGE_STANDARD = "gnu++20";
				CLANG_ENABLE_MODULES = YES;
				CLANG_ENABLE_OBJC_ARC = YES;
				CLANG_ENABLE_OBJC_WEAK = YES;
				CLANG_WARN_BLOCK_CAPTURE_AUTORELEASING = YES;
				CLANG_WARN_BOOL_CONVERSION = YES;
				CLANG_WARN_COMMA = YES;
				CLANG_WARN_CONSTANT_CONVERSION = YES;
				CLANG_WARN_DEPRECATED_OBJC_IMPLEMENTATIONS = YES;
				CLANG_WARN_DIRECT_OBJC_ISA_USAGE = YES_ERROR;
				CLANG_WARN_DOCUMENTATION_COMMENTS = YES;
				CLANG_WARN_EMPTY_BODY = YES;
				CLANG_WARN_ENUM_CONVERSION = YES;
				CLANG_WARN_INFINITE_RECURSION = YES;
				CLANG_WARN_INT_CONVERSION = YES;
				CLANG_WARN_NON_LITERAL_NULL_CONVERSION = YES;
				CLANG_WARN_OBJC_IMPLICIT_RETAIN_SELF = YES;
				CLANG_WARN_OBJC_LITERAL_CONVERSION = YES;
				CLANG_WARN_OBJC_ROOT_CLASS = YES_ERROR;
				CLANG_WARN_QUOTED_INCLUDE_IN_FRAMEWORK_HEADER = YES;
				CLANG_WARN_RANGE_LOOP_ANALYSIS = YES;
				CLANG_WARN_STRICT_PROTOTYPES = YES;
				CLANG_WARN_SUSPICIOUS_MOVE = YES;
				CLANG_WARN_UNGUARDED_AVAILABILITY = YES_AGGRESSIVE;
				CLANG_WARN_UNREACHABLE_CODE = YES;
				CLANG_WARN__DUPLICATE_METHOD_MATCH = YES;
				COPY_PHASE_STRIP = NO;
				DEBUG_INFORMATION_FORMAT = "dwarf-with-dsym";
				ENABLE_NS_ASSERTIONS = NO;
				ENABLE_STRICT_OBJC_MSGSEND = YES;
				GCC_C_LANGUAGE_STANDARD = gnu11;
				GCC_NO_COMMON_BLOCKS = YES;
				GCC_WARN_64_TO_32_BIT_CONVERSION = YES;
				GCC_WARN_ABOUT_RETURN_TYPE = YES_ERROR;
				GCC_WARN_UNDECLARED_SELECTOR = YES;
				GCC_WARN_UNINITIALIZED_AUTOS = YES_AGGRESSIVE;
				GCC_WARN_UNUSED_FUNCTION = YES;
				GCC_WARN_UNUSED_VARIABLE = YES;
				IPHONEOS_DEPLOYMENT_TARGET = 16.2;
				MTL_ENABLE_DEBUG_INFO = NO;
				MTL_FAST_MATH = YES;
				SDKROOT = iphoneos;
				SWIFT_COMPILATION_MODE = wholemodule;
				SWIFT_OPTIMIZATION_LEVEL = "-O";
				VALIDATE_PRODUCT = YES;
			};
			name = Release;
		};
		CECD91D129BA032500B181EF /* Debug */ = {
			isa = XCBuildConfiguration;
			buildSettings = {
				ASSETCATALOG_COMPILER_APPICON_NAME = AppIcon;
				ASSETCATALOG_COMPILER_GLOBAL_ACCENT_COLOR_NAME = AccentColor;
				CODE_SIGN_STYLE = Automatic;
				CURRENT_PROJECT_VERSION = 1;
				GENERATE_INFOPLIST_FILE = YES;
				INFOPLIST_FILE = PlanetsV2/App/Info.plist;
				INFOPLIST_KEY_UIApplicationSupportsIndirectInputEvents = YES;
				INFOPLIST_KEY_UILaunchStoryboardName = LaunchScreen;
				INFOPLIST_KEY_UIMainStoryboardFile = Main;
				INFOPLIST_KEY_UISupportedInterfaceOrientations = UIInterfaceOrientationPortrait;
				INFOPLIST_KEY_UISupportedInterfaceOrientations_iPad = "UIInterfaceOrientationLandscapeLeft UIInterfaceOrientationLandscapeRight UIInterfaceOrientationPortrait UIInterfaceOrientationPortraitUpsideDown";
				IPHONEOS_DEPLOYMENT_TARGET = 16.0;
				LD_RUNPATH_SEARCH_PATHS = (
					"$(inherited)",
					"@executable_path/Frameworks",
				);
				MARKETING_VERSION = 1.0;
				PRODUCT_BUNDLE_IDENTIFIER = gudzon818.PlanetsV2;
				PRODUCT_NAME = "$(TARGET_NAME)";
				SUPPORTED_PLATFORMS = "iphoneos iphonesimulator";
				SUPPORTS_MACCATALYST = NO;
				SUPPORTS_MAC_DESIGNED_FOR_IPHONE_IPAD = NO;
				SWIFT_EMIT_LOC_STRINGS = YES;
				SWIFT_VERSION = 5.0;
				TARGETED_DEVICE_FAMILY = 1;
			};
			name = Debug;
		};
		CECD91D229BA032500B181EF /* Release */ = {
			isa = XCBuildConfiguration;
			buildSettings = {
				ASSETCATALOG_COMPILER_APPICON_NAME = AppIcon;
				ASSETCATALOG_COMPILER_GLOBAL_ACCENT_COLOR_NAME = AccentColor;
				CODE_SIGN_STYLE = Automatic;
				CURRENT_PROJECT_VERSION = 1;
				GENERATE_INFOPLIST_FILE = YES;
				INFOPLIST_FILE = PlanetsV2/App/Info.plist;
				INFOPLIST_KEY_UIApplicationSupportsIndirectInputEvents = YES;
				INFOPLIST_KEY_UILaunchStoryboardName = LaunchScreen;
				INFOPLIST_KEY_UIMainStoryboardFile = Main;
				INFOPLIST_KEY_UISupportedInterfaceOrientations = UIInterfaceOrientationPortrait;
				INFOPLIST_KEY_UISupportedInterfaceOrientations_iPad = "UIInterfaceOrientationLandscapeLeft UIInterfaceOrientationLandscapeRight UIInterfaceOrientationPortrait UIInterfaceOrientationPortraitUpsideDown";
				IPHONEOS_DEPLOYMENT_TARGET = 16.0;
				LD_RUNPATH_SEARCH_PATHS = (
					"$(inherited)",
					"@executable_path/Frameworks",
				);
				MARKETING_VERSION = 1.0;
				PRODUCT_BUNDLE_IDENTIFIER = gudzon818.PlanetsV2;
				PRODUCT_NAME = "$(TARGET_NAME)";
				SUPPORTED_PLATFORMS = "iphoneos iphonesimulator";
				SUPPORTS_MACCATALYST = NO;
				SUPPORTS_MAC_DESIGNED_FOR_IPHONE_IPAD = NO;
				SWIFT_EMIT_LOC_STRINGS = YES;
				SWIFT_VERSION = 5.0;
				TARGETED_DEVICE_FAMILY = 1;
			};
			name = Release;
		};
/* End XCBuildConfiguration section */

/* Begin XCConfigurationList section */
		CECD91B729BA032400B181EF /* Build configuration list for PBXProject "PlanetsV2" */ = {
			isa = XCConfigurationList;
			buildConfigurations = (
				CECD91CE29BA032500B181EF /* Debug */,
				CECD91CF29BA032500B181EF /* Release */,
			);
			defaultConfigurationIsVisible = 0;
			defaultConfigurationName = Release;
		};
		CECD91D029BA032500B181EF /* Build configuration list for PBXNativeTarget "PlanetsV2" */ = {
			isa = XCConfigurationList;
			buildConfigurations = (
				CECD91D129BA032500B181EF /* Debug */,
				CECD91D229BA032500B181EF /* Release */,
			);
			defaultConfigurationIsVisible = 0;
			defaultConfigurationName = Release;
		};
/* End XCConfigurationList section */
	};
	rootObject = CECD91B429BA032400B181EF /* Project object */;
}
